uuid: 63c6188d-3975-4cc2-8301-baa40f628b11
langcode: et
status: true
dependencies:
  module:
    - hitsa_settings
  theme:
    - hitsa_theme
id: footertermsofserviceblock
theme: hitsa_theme
region: footer
weight: -3
provider: null
plugin: footer_terms_of_service_block
settings:
  id: footer_terms_of_service_block
  label: 'Footer Terms of Service Block'
  provider: hitsa_settings
  label_display: visible
visibility: {  }
